lockfileVersion: '9.0'

settings:
  autoInstallPeers: true
  excludeLinksFromLockfile: false

importers:

  .: {}

  apps/api:
    dependencies:
      '@acme/format':
        specifier: workspace:*
        version: link:../../libs/format
      '@acme/logger':
        specifier: workspace:*
        version: link:../../libs/logger

  apps/web:
    dependencies:
      '@acme/format':
        specifier: workspace:*
        version: link:../../libs/format
      '@acme/logger':
        specifier: workspace:*
        version: link:../../libs/logger

  libs/format: {}

  libs/logger: {}
